
Microsoft Visual Studio Solution File, Format Version 12.00
# Visual Studio 14
VisualStudioVersion = 14.0.24720.0
MinimumVisualStudioVersion = 10.0.40219.1
Project("{FAE04EC0-301F-11D3-BF4B-00C04F79EFBC}") = "Test", "Test\Test.csproj", "{EF482BE3-77E3-4CBD-9817-E942BD224802}"
EndProject
Project("{FAE04EC0-301F-11D3-BF4B-00C04F79EFBC}") = "Model", "..\EntiryFrameworkDemo\Model\Model.csproj", "{47683CE5-C03F-41FC-94EA-DBCCC71FEFDE}"
EndProject
Project("{FAE04EC0-301F-11D3-BF4B-00C04F79EFBC}") = "DataAccess", "DataAccess\DataAccess.csproj", "{0AC1E1D8-8252-4CFC-A072-A041BFE19929}"
EndProject
Project("{FAE04EC0-301F-11D3-BF4B-00C04F79EFBC}") = "TeamPomodoro", "TeamPomodoro\TeamPomodoro.csproj", "{F1AC4256-CCE7-4CBF-92A6-1E8B06E2445B}"
EndProject
Global
	GlobalSection(SolutionConfigurationPlatforms) = preSolution
		Debug|Any CPU = Debug|Any CPU
		Release|Any CPU = Release|Any CPU
	EndGlobalSection
	GlobalSection(ProjectConfigurationPlatforms) = postSolution
		{EF482BE3-77E3-4CBD-9817-E942BD224802}.Debug|Any CPU.ActiveCfg = Debug|Any CPU
		{EF482BE3-77E3-4CBD-9817-E942BD224802}.Debug|Any CPU.Build.0 = Debug|Any CPU
		{EF482BE3-77E3-4CBD-9817-E942BD224802}.Release|Any CPU.ActiveCfg = Release|Any CPU
		{EF482BE3-77E3-4CBD-9817-E942BD224802}.Release|Any CPU.Build.0 = Release|Any CPU
		{47683CE5-C03F-41FC-94EA-DBCCC71FEFDE}.Debug|Any CPU.ActiveCfg = Debug|Any CPU
		{47683CE5-C03F-41FC-94EA-DBCCC71FEFDE}.Debug|Any CPU.Build.0 = Debug|Any CPU
		{47683CE5-C03F-41FC-94EA-DBCCC71FEFDE}.Release|Any CPU.ActiveCfg = Release|Any CPU
		{47683CE5-C03F-41FC-94EA-DBCCC71FEFDE}.Release|Any CPU.Build.0 = Release|Any CPU
		{0AC1E1D8-8252-4CFC-A072-A041BFE19929}.Debug|Any CPU.ActiveCfg = Debug|Any CPU
		{0AC1E1D8-8252-4CFC-A072-A041BFE19929}.Debug|Any CPU.Build.0 = Debug|Any CPU
		{0AC1E1D8-8252-4CFC-A072-A041BFE19929}.Release|Any CPU.ActiveCfg = Release|Any CPU
		{0AC1E1D8-8252-4CFC-A072-A041BFE19929}.Release|Any CPU.Build.0 = Release|Any CPU
		{F1AC4256-CCE7-4CBF-92A6-1E8B06E2445B}.Debug|Any CPU.ActiveCfg = Debug|Any CPU
		{F1AC4256-CCE7-4CBF-92A6-1E8B06E2445B}.Debug|Any CPU.Build.0 = Debug|Any CPU
		{F1AC4256-CCE7-4CBF-92A6-1E8B06E2445B}.Release|Any CPU.ActiveCfg = Release|Any CPU
		{F1AC4256-CCE7-4CBF-92A6-1E8B06E2445B}.Release|Any CPU.Build.0 = Release|Any CPU
	EndGlobalSection
	GlobalSection(SolutionProperties) = preSolution
		HideSolutionNode = FALSE
	EndGlobalSection
EndGlobal
